
Microsoft Visual Studio Solution File, Format Version 12.00
# Visual Studio Version 17
VisualStudioVersion = 17.0.31903.59
MinimumVisualStudioVersion = 10.0.40219.1
Project("{2150E333-8FDC-42A3-9474-1A3956D46DE8}") = "Sources", "Sources", "{14A112E9-72BB-4552-ADD7-D10C306F14E4}"
EndProject
Project("{2150E333-8FDC-42A3-9474-1A3956D46DE8}") = "Tests", "Tests", "{95D653F0-1C64-4907-82D6-1FDBB196B7F4}"
EndProject
Project("{2150E333-8FDC-42A3-9474-1A3956D46DE8}") = "Core", "Core", "{8F9128C9-33B9-45EA-8D78-6CC9F20F4200}"
EndProject
Project("{2150E333-8FDC-42A3-9474-1A3956D46DE8}") = "Infrastructure", "Infrastructure", "{5C9B35BA-2D3F-4A1C-A16F-88882736395E}"
EndProject
Project("{2150E333-8FDC-42A3-9474-1A3956D46DE8}") = "Presentation", "Presentation", "{7DFBEE18-1847-4259-9A5A-7B3BD4915578}"
EndProject
Project("{9A19103F-16F7-4668-BE54-9A1E7A4F7556}") = "Stargazer.Tests", "tests\Stargazer.Tests\Stargazer.Tests.csproj", "{7D5B14D4-19C7-4833-9067-DF558C7653A4}"
EndProject
Project("{9A19103F-16F7-4668-BE54-9A1E7A4F7556}") = "Stargazer.Domain", "Stargazer.Domain\Stargazer.Domain.csproj", "{3C21C4AA-D07A-45E2-83C9-594FE1824ADD}"
EndProject
Project("{9A19103F-16F7-4668-BE54-9A1E7A4F7556}") = "Stargazer.WebApi", "Stargazer.WebApi\Stargazer.WebApi.csproj", "{F1F1CF09-4D34-4880-98DB-327DDEEE83E9}"
EndProject
Project("{9A19103F-16F7-4668-BE54-9A1E7A4F7556}") = "Stargazer.Application", "Stargazer.Application\Stargazer.Application.csproj", "{C5C83E1F-652B-4A4D-8A86-72ED357CAA8B}"
EndProject
Project("{9A19103F-16F7-4668-BE54-9A1E7A4F7556}") = "Stargazer.Infrastructure.Persistence", "Stargazer.Infrastructure.Persistence\Stargazer.Infrastructure.Persistence.csproj", "{A6AF3BFA-8E77-4B9F-BBAB-FD2A0046E9E5}"
EndProject
Project("{9A19103F-16F7-4668-BE54-9A1E7A4F7556}") = "Stargazer.Infrastructure", "Stargazer.Infrastructure\Stargazer.Infrastructure.csproj", "{D5C1EF45-E5DA-4CA2-963C-A7EA6F04416B}"
EndProject
Project("{FAE04EC0-301F-11D3-BF4B-00C04F79EFBC}") = "Stargazer.Infrastructure.Broker", "Stargazer.Infrastructure.Broker\Stargazer.Infrastructure.Broker.csproj", "{E0E89264-9CDC-4CA4-A719-CC6391F29780}"
EndProject
Global
	GlobalSection(SolutionConfigurationPlatforms) = preSolution
		Debug|Any CPU = Debug|Any CPU
		Release|Any CPU = Release|Any CPU
	EndGlobalSection
	GlobalSection(ProjectConfigurationPlatforms) = postSolution
		{7D5B14D4-19C7-4833-9067-DF558C7653A4}.Debug|Any CPU.ActiveCfg = Debug|Any CPU
		{7D5B14D4-19C7-4833-9067-DF558C7653A4}.Debug|Any CPU.Build.0 = Debug|Any CPU
		{7D5B14D4-19C7-4833-9067-DF558C7653A4}.Release|Any CPU.ActiveCfg = Release|Any CPU
		{7D5B14D4-19C7-4833-9067-DF558C7653A4}.Release|Any CPU.Build.0 = Release|Any CPU
		{3C21C4AA-D07A-45E2-83C9-594FE1824ADD}.Debug|Any CPU.ActiveCfg = Debug|Any CPU
		{3C21C4AA-D07A-45E2-83C9-594FE1824ADD}.Debug|Any CPU.Build.0 = Debug|Any CPU
		{3C21C4AA-D07A-45E2-83C9-594FE1824ADD}.Release|Any CPU.ActiveCfg = Release|Any CPU
		{3C21C4AA-D07A-45E2-83C9-594FE1824ADD}.Release|Any CPU.Build.0 = Release|Any CPU
		{F1F1CF09-4D34-4880-98DB-327DDEEE83E9}.Debug|Any CPU.ActiveCfg = Debug|Any CPU
		{F1F1CF09-4D34-4880-98DB-327DDEEE83E9}.Debug|Any CPU.Build.0 = Debug|Any CPU
		{F1F1CF09-4D34-4880-98DB-327DDEEE83E9}.Release|Any CPU.ActiveCfg = Release|Any CPU
		{F1F1CF09-4D34-4880-98DB-327DDEEE83E9}.Release|Any CPU.Build.0 = Release|Any CPU
		{C5C83E1F-652B-4A4D-8A86-72ED357CAA8B}.Debug|Any CPU.ActiveCfg = Debug|Any CPU
		{C5C83E1F-652B-4A4D-8A86-72ED357CAA8B}.Debug|Any CPU.Build.0 = Debug|Any CPU
		{C5C83E1F-652B-4A4D-8A86-72ED357CAA8B}.Release|Any CPU.ActiveCfg = Release|Any CPU
		{C5C83E1F-652B-4A4D-8A86-72ED357CAA8B}.Release|Any CPU.Build.0 = Release|Any CPU
		{A6AF3BFA-8E77-4B9F-BBAB-FD2A0046E9E5}.Debug|Any CPU.ActiveCfg = Debug|Any CPU
		{A6AF3BFA-8E77-4B9F-BBAB-FD2A0046E9E5}.Debug|Any CPU.Build.0 = Debug|Any CPU
		{A6AF3BFA-8E77-4B9F-BBAB-FD2A0046E9E5}.Release|Any CPU.ActiveCfg = Release|Any CPU
		{A6AF3BFA-8E77-4B9F-BBAB-FD2A0046E9E5}.Release|Any CPU.Build.0 = Release|Any CPU
		{D5C1EF45-E5DA-4CA2-963C-A7EA6F04416B}.Debug|Any CPU.ActiveCfg = Debug|Any CPU
		{D5C1EF45-E5DA-4CA2-963C-A7EA6F04416B}.Debug|Any CPU.Build.0 = Debug|Any CPU
		{D5C1EF45-E5DA-4CA2-963C-A7EA6F04416B}.Release|Any CPU.ActiveCfg = Release|Any CPU
		{D5C1EF45-E5DA-4CA2-963C-A7EA6F04416B}.Release|Any CPU.Build.0 = Release|Any CPU
		{E0E89264-9CDC-4CA4-A719-CC6391F29780}.Debug|Any CPU.ActiveCfg = Debug|Any CPU
		{E0E89264-9CDC-4CA4-A719-CC6391F29780}.Debug|Any CPU.Build.0 = Debug|Any CPU
		{E0E89264-9CDC-4CA4-A719-CC6391F29780}.Release|Any CPU.ActiveCfg = Release|Any CPU
		{E0E89264-9CDC-4CA4-A719-CC6391F29780}.Release|Any CPU.Build.0 = Release|Any CPU
	EndGlobalSection
	GlobalSection(SolutionProperties) = preSolution
		HideSolutionNode = FALSE
	EndGlobalSection
	GlobalSection(NestedProjects) = preSolution
		{8F9128C9-33B9-45EA-8D78-6CC9F20F4200} = {14A112E9-72BB-4552-ADD7-D10C306F14E4}
		{5C9B35BA-2D3F-4A1C-A16F-88882736395E} = {14A112E9-72BB-4552-ADD7-D10C306F14E4}
		{7DFBEE18-1847-4259-9A5A-7B3BD4915578} = {14A112E9-72BB-4552-ADD7-D10C306F14E4}
		{7D5B14D4-19C7-4833-9067-DF558C7653A4} = {95D653F0-1C64-4907-82D6-1FDBB196B7F4}
		{3C21C4AA-D07A-45E2-83C9-594FE1824ADD} = {8F9128C9-33B9-45EA-8D78-6CC9F20F4200}
		{F1F1CF09-4D34-4880-98DB-327DDEEE83E9} = {7DFBEE18-1847-4259-9A5A-7B3BD4915578}
		{C5C83E1F-652B-4A4D-8A86-72ED357CAA8B} = {8F9128C9-33B9-45EA-8D78-6CC9F20F4200}
		{A6AF3BFA-8E77-4B9F-BBAB-FD2A0046E9E5} = {5C9B35BA-2D3F-4A1C-A16F-88882736395E}
		{D5C1EF45-E5DA-4CA2-963C-A7EA6F04416B} = {5C9B35BA-2D3F-4A1C-A16F-88882736395E}
		{E0E89264-9CDC-4CA4-A719-CC6391F29780} = {5C9B35BA-2D3F-4A1C-A16F-88882736395E}
	EndGlobalSection
	GlobalSection(ExtensibilityGlobals) = postSolution
		SolutionGuid = {8EC3A2F8-416C-4906-9C04-EBA6A2461E12}
	EndGlobalSection
EndGlobal
